
Microsoft Visual Studio Solution File, Format Version 12.00
# Visual Studio Version 17
VisualStudioVersion = 17.8.34511.84
MinimumVisualStudioVersion = 10.0.40219.1
Project("{FAE04EC0-301F-11D3-BF4B-00C04F79EFBC}") = "WebScraper", "WebScraper.csproj", "{D57C43E7-7238-40EF-9E8E-4773CB8207D0}"
EndProject
Global
	GlobalSection(SolutionConfigurationPlatforms) = preSolution
		Debug|Any CPU = Debug|Any CPU
		Release|Any CPU = Release|Any CPU
	EndGlobalSection
	GlobalSection(ProjectConfigurationPlatforms) = postSolution
		{D57C43E7-7238-40EF-9E8E-4773CB8207D0}.Debug|Any CPU.ActiveCfg = Debug|Any CPU
		{D57C43E7-7238-40EF-9E8E-4773CB8207D0}.Debug|Any CPU.Build.0 = Debug|Any CPU
		{D57C43E7-7238-40EF-9E8E-4773CB8207D0}.Release|Any CPU.ActiveCfg = Release|Any CPU
		{D57C43E7-7238-40EF-9E8E-4773CB8207D0}.Release|Any CPU.Build.0 = Release|Any CPU
	EndGlobalSection
	GlobalSection(SolutionProperties) = preSolution
		HideSolutionNode = FALSE
	EndGlobalSection
	GlobalSection(ExtensibilityGlobals) = postSolution
		SolutionGuid = {F7840E2A-BA97-4AB3-BB2F-AB47C1832C9A}
	EndGlobalSection
EndGlobal
